// !$*UTF8*$!
{
	archiveVersion = 1;
	classes = {
	};
	objectVersion = 55;
	objects = {

/* Begin PBXBuildFile section */
		087053FC27F3343700752245 /* MovieQuoteDetailViewController.swift in Sources */ = {isa = PBXBuildFile; fileRef = 087053FB27F3343700752245 /* MovieQuoteDetailViewController.swift */; };
		087053FE27F5D2A500752245 /* MyMovieQuotesCollectionManager.swift in Sources */ = {isa = PBXBuildFile; fileRef = 087053FD27F5D2A500752245 /* MyMovieQuotesCollectionManager.swift */; };
		0870540027F5D37D00752245 /* MovieQuoteDocumentManager.swift in Sources */ = {isa = PBXBuildFile; fileRef = 087053FF27F5D37D00752245 /* MovieQuoteDocumentManager.swift */; };
		0870540227F5D4A500752245 /* Constants.swift in Sources */ = {isa = PBXBuildFile; fileRef = 0870540127F5D4A500752245 /* Constants.swift */; };
		0870540A27F5DE6B00752245 /* GoogleService-Info.plist in Resources */ = {isa = PBXBuildFile; fileRef = 0870540927F5DE6B00752245 /* GoogleService-Info.plist */; };
		0870541327FF10B800752245 /* AuthManager.swift in Sources */ = {isa = PBXBuildFile; fileRef = 0870541227FF10B800752245 /* AuthManager.swift */; };
		0870542427FF139000752245 /* FirebaseAnalytics in Frameworks */ = {isa = PBXBuildFile; productRef = 0870542327FF139000752245 /* FirebaseAnalytics */; };
		0870542627FF139000752245 /* FirebaseAuth in Frameworks */ = {isa = PBXBuildFile; productRef = 0870542527FF139000752245 /* FirebaseAuth */; };
		0870542827FF139000752245 /* FirebaseFirestore in Frameworks */ = {isa = PBXBuildFile; productRef = 0870542727FF139000752245 /* FirebaseFirestore */; };
		0878F00B2816CC7A001241C5 /* UserDocumentManager.swift in Sources */ = {isa = PBXBuildFile; fileRef = 0878F00A2816CC7A001241C5 /* UserDocumentManager.swift */; };
		0878F00F2816D347001241C5 /* ImageUtils.swift in Sources */ = {isa = PBXBuildFile; fileRef = 0878F00E2816D347001241C5 /* ImageUtils.swift */; };
		0878F0122816DCBF001241C5 /* Kingfisher in Frameworks */ = {isa = PBXBuildFile; productRef = 0878F0112816DCBF001241C5 /* Kingfisher */; };
		0878F0152818269B001241C5 /* FirebaseStorage in Frameworks */ = {isa = PBXBuildFile; productRef = 0878F0142818269B001241C5 /* FirebaseStorage */; };
		0878F01728182795001241C5 /* storageManager.swift in Sources */ = {isa = PBXBuildFile; fileRef = 0878F01628182795001241C5 /* storageManager.swift */; };
		087CE46B280D9D480033C4B1 /* LoginViewController.swift in Sources */ = {isa = PBXBuildFile; fileRef = 087CE46A280D9D480033C4B1 /* LoginViewController.swift */; };
		087CE46D280EE3200033C4B1 /* RoseFire.swift in Sources */ = {isa = PBXBuildFile; fileRef = 087CE46C280EE3200033C4B1 /* RoseFire.swift */; };
		087CE470280EEC7E0033C4B1 /* GoogleSignIn in Frameworks */ = {isa = PBXBuildFile; productRef = 087CE46F280EEC7E0033C4B1 /* GoogleSignIn */; };
		087FED3928118415005F656A /* SideMenuViewController.swift in Sources */ = {isa = PBXBuildFile; fileRef = 087FED3828118415005F656A /* SideMenuViewController.swift */; };
		087FED3C28118443005F656A /* SideMenu in Frameworks */ = {isa = PBXBuildFile; productRef = 087FED3B28118443005F656A /* SideMenu */; };
		087FED45281190FB005F656A /* ProfilePageViewController.swift in Sources */ = {isa = PBXBuildFile; fileRef = 087FED44281190FB005F656A /* ProfilePageViewController.swift */; };
		088B536827F1DD9A00959FAF /* AppDelegate.swift in Sources */ = {isa = PBXBuildFile; fileRef = 088B536727F1DD9A00959FAF /* AppDelegate.swift */; };
		088B536A27F1DD9A00959FAF /* SceneDelegate.swift in Sources */ = {isa = PBXBuildFile; fileRef = 088B536927F1DD9A00959FAF /* SceneDelegate.swift */; };
		088B536F27F1DD9A00959FAF /* Main.storyboard in Resources */ = {isa = PBXBuildFile; fileRef = 088B536D27F1DD9A00959FAF /* Main.storyboard */; };
		088B537127F1DD9B00959FAF /* Assets.xcassets in Resources */ = {isa = PBXBuildFile; fileRef = 088B537027F1DD9B00959FAF /* Assets.xcassets */; };
		088B537427F1DD9B00959FAF /* LaunchScreen.storyboard in Resources */ = {isa = PBXBuildFile; fileRef = 088B537227F1DD9B00959FAF /* LaunchScreen.storyboard */; };
		088B537C27F1E02300959FAF /* MovieQuotesTableViewController.swift in Sources */ = {isa = PBXBuildFile; fileRef = 088B537B27F1E02300959FAF /* MovieQuotesTableViewController.swift */; };
		088B537E27F1E59900959FAF /* MovieQuote.swift in Sources */ = {isa = PBXBuildFile; fileRef = 088B537D27F1E59900959FAF /* MovieQuote.swift */; };
/* End PBXBuildFile section */

/* Begin PBXFileReference section */
		087053FB27F3343700752245 /* MovieQuoteDetailViewController.swift */ = {isa = PBXFileReference; lastKnownFileType = sourcecode.swift; path = MovieQuoteDetailViewController.swift; sourceTree = "<group>"; };
		087053FD27F5D2A500752245 /* MyMovieQuotesCollectionManager.swift */ = {isa = PBXFileReference; lastKnownFileType = sourcecode.swift; path = MyMovieQuotesCollectionManager.swift; sourceTree = "<group>"; };
		087053FF27F5D37D00752245 /* MovieQuoteDocumentManager.swift */ = {isa = PBXFileReference; lastKnownFileType = sourcecode.swift; path = MovieQuoteDocumentManager.swift; sourceTree = "<group>"; };
		0870540127F5D4A500752245 /* Constants.swift */ = {isa = PBXFileReference; lastKnownFileType = sourcecode.swift; path = Constants.swift; sourceTree = "<group>"; };
		0870540927F5DE6B00752245 /* GoogleService-Info.plist */ = {isa = PBXFileReference; fileEncoding = 4; lastKnownFileType = text.plist.xml; path = "GoogleService-Info.plist"; sourceTree = "<group>"; };
		0870541227FF10B800752245 /* AuthManager.swift */ = {isa = PBXFileReference; lastKnownFileType = sourcecode.swift; path = AuthManager.swift; sourceTree = "<group>"; };
		0878F00A2816CC7A001241C5 /* UserDocumentManager.swift */ = {isa = PBXFileReference; lastKnownFileType = sourcecode.swift; path = UserDocumentManager.swift; sourceTree = "<group>"; };
		0878F00E2816D347001241C5 /* ImageUtils.swift */ = {isa = PBXFileReference; lastKnownFileType = sourcecode.swift; path = ImageUtils.swift; sourceTree = "<group>"; };
		0878F01628182795001241C5 /* storageManager.swift */ = {isa = PBXFileReference; lastKnownFileType = sourcecode.swift; path = storageManager.swift; sourceTree = "<group>"; };
		087CE46A280D9D480033C4B1 /* LoginViewController.swift */ = {isa = PBXFileReference; lastKnownFileType = sourcecode.swift; path = LoginViewController.swift; sourceTree = "<group>"; };
		087CE46C280EE3200033C4B1 /* RoseFire.swift */ = {isa = PBXFileReference; lastKnownFileType = sourcecode.swift; path = RoseFire.swift; sourceTree = "<group>"; };
		087FED3828118415005F656A /* SideMenuViewController.swift */ = {isa = PBXFileReference; lastKnownFileType = sourcecode.swift; path = SideMenuViewController.swift; sourceTree = "<group>"; };
		087FED44281190FB005F656A /* ProfilePageViewController.swift */ = {isa = PBXFileReference; lastKnownFileType = sourcecode.swift; path = ProfilePageViewController.swift; sourceTree = "<group>"; };
		088B536427F1DD9A00959FAF /* MovieQuotes.app */ = {isa = PBXFileReference; explicitFileType = wrapper.application; includeInIndex = 0; path = MovieQuotes.app; sourceTree = BUILT_PRODUCTS_DIR; };
		088B536727F1DD9A00959FAF /* AppDelegate.swift */ = {isa = PBXFileReference; lastKnownFileType = sourcecode.swift; path = AppDelegate.swift; sourceTree = "<group>"; };
		088B536927F1DD9A00959FAF /* SceneDelegate.swift */ = {isa = PBXFileReference; lastKnownFileType = sourcecode.swift; path = SceneDelegate.swift; sourceTree = "<group>"; };
		088B536E27F1DD9A00959FAF /* Base */ = {isa = PBXFileReference; lastKnownFileType = file.storyboard; name = Base; path = Base.lproj/Main.storyboard; sourceTree = "<group>"; };
		088B537027F1DD9B00959FAF /* Assets.xcassets */ = {isa = PBXFileReference; lastKnownFileType = folder.assetcatalog; path = Assets.xcassets; sourceTree = "<group>"; };
		088B537327F1DD9B00959FAF /* Base */ = {isa = PBXFileReference; lastKnownFileType = file.storyboard; name = Base; path = Base.lproj/LaunchScreen.storyboard; sourceTree = "<group>"; };
		088B537527F1DD9B00959FAF /* Info.plist */ = {isa = PBXFileReference; lastKnownFileType = text.plist.xml; path = Info.plist; sourceTree = "<group>"; };
		088B537B27F1E02300959FAF /* MovieQuotesTableViewController.swift */ = {isa = PBXFileReference; lastKnownFileType = sourcecode.swift; path = MovieQuotesTableViewController.swift; sourceTree = "<group>"; };
		088B537D27F1E59900959FAF /* MovieQuote.swift */ = {isa = PBXFileReference; lastKnownFileType = sourcecode.swift; path = MovieQuote.swift; sourceTree = "<group>"; };
/* End PBXFileReference section */

/* Begin PBXFrameworksBuildPhase section */
		088B536127F1DD9A00959FAF /* Frameworks */ = {
			isa = PBXFrameworksBuildPhase;
			buildActionMask = 2147483647;
			files = (
				0878F0122816DCBF001241C5 /* Kingfisher in Frameworks */,
				0870542427FF139000752245 /* FirebaseAnalytics in Frameworks */,
				087CE470280EEC7E0033C4B1 /* GoogleSignIn in Frameworks */,
				0870542627FF139000752245 /* FirebaseAuth in Frameworks */,
				0878F0152818269B001241C5 /* FirebaseStorage in Frameworks */,
				087FED3C28118443005F656A /* SideMenu in Frameworks */,
				0870542827FF139000752245 /* FirebaseFirestore in Frameworks */,
			);
			runOnlyForDeploymentPostprocessing = 0;
		};
/* End PBXFrameworksBuildPhase section */

/* Begin PBXGroup section */
		088B535B27F1DD9A00959FAF = {
			isa = PBXGroup;
			children = (
				088B536627F1DD9A00959FAF /* MovieQuotes */,
				088B536527F1DD9A00959FAF /* Products */,
			);
			sourceTree = "<group>";
		};
		088B536527F1DD9A00959FAF /* Products */ = {
			isa = PBXGroup;
			children = (
				088B536427F1DD9A00959FAF /* MovieQuotes.app */,
			);
			name = Products;
			sourceTree = "<group>";
		};
		088B536627F1DD9A00959FAF /* MovieQuotes */ = {
			isa = PBXGroup;
			children = (
				0870540927F5DE6B00752245 /* GoogleService-Info.plist */,
				088B536727F1DD9A00959FAF /* AppDelegate.swift */,
				088B536927F1DD9A00959FAF /* SceneDelegate.swift */,
				088B537B27F1E02300959FAF /* MovieQuotesTableViewController.swift */,
				087053FB27F3343700752245 /* MovieQuoteDetailViewController.swift */,
				088B536D27F1DD9A00959FAF /* Main.storyboard */,
				088B537027F1DD9B00959FAF /* Assets.xcassets */,
				088B537227F1DD9B00959FAF /* LaunchScreen.storyboard */,
				088B537527F1DD9B00959FAF /* Info.plist */,
				088B537D27F1E59900959FAF /* MovieQuote.swift */,
				087053FD27F5D2A500752245 /* MyMovieQuotesCollectionManager.swift */,
				087053FF27F5D37D00752245 /* MovieQuoteDocumentManager.swift */,
				0870540127F5D4A500752245 /* Constants.swift */,
				0870541227FF10B800752245 /* AuthManager.swift */,
				087CE46A280D9D480033C4B1 /* LoginViewController.swift */,
				087CE46C280EE3200033C4B1 /* RoseFire.swift */,
				087FED3828118415005F656A /* SideMenuViewController.swift */,
				087FED44281190FB005F656A /* ProfilePageViewController.swift */,
				0878F00A2816CC7A001241C5 /* UserDocumentManager.swift */,
				0878F00E2816D347001241C5 /* ImageUtils.swift */,
				0878F01628182795001241C5 /* storageManager.swift */,
			);
			path = MovieQuotes;
			sourceTree = "<group>";
		};
/* End PBXGroup section */

/* Begin PBXNativeTarget section */
		088B536327F1DD9A00959FAF /* MovieQuotes */ = {
			isa = PBXNativeTarget;
			buildConfigurationList = 088B537827F1DD9B00959FAF /* Build configuration list for PBXNativeTarget "MovieQuotes" */;
			buildPhases = (
				088B536027F1DD9A00959FAF /* Sources */,
				088B536127F1DD9A00959FAF /* Frameworks */,
				088B536227F1DD9A00959FAF /* Resources */,
			);
			buildRules = (
			);
			dependencies = (
			);
			name = MovieQuotes;
			packageProductDependencies = (
				0870542327FF139000752245 /* FirebaseAnalytics */,
				0870542527FF139000752245 /* FirebaseAuth */,
				0870542727FF139000752245 /* FirebaseFirestore */,
				087CE46F280EEC7E0033C4B1 /* GoogleSignIn */,
				087FED3B28118443005F656A /* SideMenu */,
				0878F0112816DCBF001241C5 /* Kingfisher */,
				0878F0142818269B001241C5 /* FirebaseStorage */,
			);
			productName = MovieQuotes;
			productReference = 088B536427F1DD9A00959FAF /* MovieQuotes.app */;
			productType = "com.apple.product-type.application";
		};
/* End PBXNativeTarget section */

/* Begin PBXProject section */
		088B535C27F1DD9A00959FAF /* Project object */ = {
			isa = PBXProject;
			attributes = {
				BuildIndependentTargetsInParallel = 1;
				LastSwiftUpdateCheck = 1330;
				LastUpgradeCheck = 1330;
				TargetAttributes = {
					088B536327F1DD9A00959FAF = {
						CreatedOnToolsVersion = 13.3;
					};
				};
			};
			buildConfigurationList = 088B535F27F1DD9A00959FAF /* Build configuration list for PBXProject "MovieQuotes" */;
			compatibilityVersion = "Xcode 13.0";
			developmentRegion = en;
			hasScannedForEncodings = 0;
			knownRegions = (
				en,
				Base,
			);
			mainGroup = 088B535B27F1DD9A00959FAF;
			packageReferences = (
				0870542227FF139000752245 /* XCRemoteSwiftPackageReference "firebase-ios-sdk" */,
				087CE46E280EEC7E0033C4B1 /* XCRemoteSwiftPackageReference "GoogleSignIn-iOS" */,
				087FED3A28118443005F656A /* XCRemoteSwiftPackageReference "SideMenu" */,
				0878F0102816DCBE001241C5 /* XCRemoteSwiftPackageReference "Kingfisher" */,
				0878F0132818269B001241C5 /* XCRemoteSwiftPackageReference "firebase-ios-sdk" */,
			);
			productRefGroup = 088B536527F1DD9A00959FAF /* Products */;
			projectDirPath = "";
			projectRoot = "";
			targets = (
				088B536327F1DD9A00959FAF /* MovieQuotes */,
			);
		};
/* End PBXProject section */

/* Begin PBXResourcesBuildPhase section */
		088B536227F1DD9A00959FAF /* Resources */ = {
			isa = PBXResourcesBuildPhase;
			buildActionMask = 2147483647;
			files = (
				088B537427F1DD9B00959FAF /* LaunchScreen.storyboard in Resources */,
				0870540A27F5DE6B00752245 /* GoogleService-Info.plist in Resources */,
				088B537127F1DD9B00959FAF /* Assets.xcassets in Resources */,
				088B536F27F1DD9A00959FAF /* Main.storyboard in Resources */,
			);
			runOnlyForDeploymentPostprocessing = 0;
		};
/* End PBXResourcesBuildPhase section */

/* Begin PBXSourcesBuildPhase section */
		088B536027F1DD9A00959FAF /* Sources */ = {
			isa = PBXSourcesBuildPhase;
			buildActionMask = 2147483647;
			files = (
				087CE46D280EE3200033C4B1 /* RoseFire.swift in Sources */,
				088B536827F1DD9A00959FAF /* AppDelegate.swift in Sources */,
				0870541327FF10B800752245 /* AuthManager.swift in Sources */,
				088B537E27F1E59900959FAF /* MovieQuote.swift in Sources */,
				087FED3928118415005F656A /* SideMenuViewController.swift in Sources */,
				088B537C27F1E02300959FAF /* MovieQuotesTableViewController.swift in Sources */,
				088B536A27F1DD9A00959FAF /* SceneDelegate.swift in Sources */,
				087053FC27F3343700752245 /* MovieQuoteDetailViewController.swift in Sources */,
				0878F00F2816D347001241C5 /* ImageUtils.swift in Sources */,
				087053FE27F5D2A500752245 /* MyMovieQuotesCollectionManager.swift in Sources */,
				0878F00B2816CC7A001241C5 /* UserDocumentManager.swift in Sources */,
				087FED45281190FB005F656A /* ProfilePageViewController.swift in Sources */,
				0870540027F5D37D00752245 /* MovieQuoteDocumentManager.swift in Sources */,
				087CE46B280D9D480033C4B1 /* LoginViewController.swift in Sources */,
				0870540227F5D4A500752245 /* Constants.swift in Sources */,
				0878F01728182795001241C5 /* storageManager.swift in Sources */,
			);
			runOnlyForDeploymentPostprocessing = 0;
		};
/* End PBXSourcesBuildPhase section */

/* Begin PBXVariantGroup section */
		088B536D27F1DD9A00959FAF /* Main.storyboard */ = {
			isa = PBXVariantGroup;
			children = (
				088B536E27F1DD9A00959FAF /* Base */,
			);
			name = Main.storyboard;
			sourceTree = "<group>";
		};
		088B537227F1DD9B00959FAF /* LaunchScreen.storyboard */ = {
			isa = PBXVariantGroup;
			children = (
				088B537327F1DD9B00959FAF /* Base */,
			);
			name = LaunchScreen.storyboard;
			sourceTree = "<group>";
		};
/* End PBXVariantGroup section */

/* Begin XCBuildConfiguration section */
		088B537627F1DD9B00959FAF /* Debug */ = {
			isa = XCBuildConfiguration;
			buildSettings = {
				ALWAYS_SEARCH_USER_PATHS = NO;
				CLANG_ANALYZER_NONNULL = YES;
				CLANG_ANALYZER_NUMBER_OBJECT_CONVERSION = YES_AGGRESSIVE;
				CLANG_CXX_LANGUAGE_STANDARD = "gnu++17";
				CLANG_ENABLE_MODULES = YES;
				CLANG_ENABLE_OBJC_ARC = YES;
				CLANG_ENABLE_OBJC_WEAK = YES;
				CLANG_WARN_BLOCK_CAPTURE_AUTORELEASING = YES;
				CLANG_WARN_BOOL_CONVERSION = YES;
				CLANG_WARN_COMMA = YES;
				CLANG_WARN_CONSTANT_CONVERSION = YES;
				CLANG_WARN_DEPRECATED_OBJC_IMPLEMENTATIONS = YES;
				CLANG_WARN_DIRECT_OBJC_ISA_USAGE = YES_ERROR;
				CLANG_WARN_DOCUMENTATION_COMMENTS = YES;
				CLANG_WARN_EMPTY_BODY = YES;
				CLANG_WARN_ENUM_CONVERSION = YES;
				CLANG_WARN_INFINITE_RECURSION = YES;
				CLANG_WARN_INT_CONVERSION = YES;
				CLANG_WARN_NON_LITERAL_NULL_CONVERSION = YES;
				CLANG_WARN_OBJC_IMPLICIT_RETAIN_SELF = YES;
				CLANG_WARN_OBJC_LITERAL_CONVERSION = YES;
				CLANG_WARN_OBJC_ROOT_CLASS = YES_ERROR;
				CLANG_WARN_QUOTED_INCLUDE_IN_FRAMEWORK_HEADER = YES;
				CLANG_WARN_RANGE_LOOP_ANALYSIS = YES;
				CLANG_WARN_STRICT_PROTOTYPES = YES;
				CLANG_WARN_SUSPICIOUS_MOVE = YES;
				CLANG_WARN_UNGUARDED_AVAILABILITY = YES_AGGRESSIVE;
				CLANG_WARN_UNREACHABLE_CODE = YES;
				CLANG_WARN__DUPLICATE_METHOD_MATCH = YES;
				COPY_PHASE_STRIP = NO;
				DEBUG_INFORMATION_FORMAT = dwarf;
				ENABLE_STRICT_OBJC_MSGSEND = YES;
				ENABLE_TESTABILITY = YES;
				GCC_C_LANGUAGE_STANDARD = gnu11;
				GCC_DYNAMIC_NO_PIC = NO;
				GCC_NO_COMMON_BLOCKS = YES;
				GCC_OPTIMIZATION_LEVEL = 0;
				GCC_PREPROCESSOR_DEFINITIONS = (
					"DEBUG=1",
					"$(inherited)",
				);
				GCC_WARN_64_TO_32_BIT_CONVERSION = YES;
				GCC_WARN_ABOUT_RETURN_TYPE = YES_ERROR;
				GCC_WARN_UNDECLARED_SELECTOR = YES;
				GCC_WARN_UNINITIALIZED_AUTOS = YES_AGGRESSIVE;
				GCC_WARN_UNUSED_FUNCTION = YES;
				GCC_WARN_UNUSED_VARIABLE = YES;
				IPHONEOS_DEPLOYMENT_TARGET = 15.4;
				MTL_ENABLE_DEBUG_INFO = INCLUDE_SOURCE;
				MTL_FAST_MATH = YES;
				ONLY_ACTIVE_ARCH = YES;
				SDKROOT = iphoneos;
				SWIFT_ACTIVE_COMPILATION_CONDITIONS = DEBUG;
				SWIFT_OPTIMIZATION_LEVEL = "-Onone";
			};
			name = Debug;
		};
		088B537727F1DD9B00959FAF /* Release */ = {
			isa = XCBuildConfiguration;
			buildSettings = {
				ALWAYS_SEARCH_USER_PATHS = NO;
				CLANG_ANALYZER_NONNULL = YES;
				CLANG_ANALYZER_NUMBER_OBJECT_CONVERSION = YES_AGGRESSIVE;
				CLANG_CXX_LANGUAGE_STANDARD = "gnu++17";
				CLANG_ENABLE_MODULES = YES;
				CLANG_ENABLE_OBJC_ARC = YES;
				CLANG_ENABLE_OBJC_WEAK = YES;
				CLANG_WARN_BLOCK_CAPTURE_AUTORELEASING = YES;
				CLANG_WARN_BOOL_CONVERSION = YES;
				CLANG_WARN_COMMA = YES;
				CLANG_WARN_CONSTANT_CONVERSION = YES;
				CLANG_WARN_DEPRECATED_OBJC_IMPLEMENTATIONS = YES;
				CLANG_WARN_DIRECT_OBJC_ISA_USAGE = YES_ERROR;
				CLANG_WARN_DOCUMENTATION_COMMENTS = YES;
				CLANG_WARN_EMPTY_BODY = YES;
				CLANG_WARN_ENUM_CONVERSION = YES;
				CLANG_WARN_INFINITE_RECURSION = YES;
				CLANG_WARN_INT_CONVERSION = YES;
				CLANG_WARN_NON_LITERAL_NULL_CONVERSION = YES;
				CLANG_WARN_OBJC_IMPLICIT_RETAIN_SELF = YES;
				CLANG_WARN_OBJC_LITERAL_CONVERSION = YES;
				CLANG_WARN_OBJC_ROOT_CLASS = YES_ERROR;
				CLANG_WARN_QUOTED_INCLUDE_IN_FRAMEWORK_HEADER = YES;
				CLANG_WARN_RANGE_LOOP_ANALYSIS = YES;
				CLANG_WARN_STRICT_PROTOTYPES = YES;
				CLANG_WARN_SUSPICIOUS_MOVE = YES;
				CLANG_WARN_UNGUARDED_AVAILABILITY = YES_AGGRESSIVE;
				CLANG_WARN_UNREACHABLE_CODE = YES;
				CLANG_WARN__DUPLICATE_METHOD_MATCH = YES;
				COPY_PHASE_STRIP = NO;
				DEBUG_INFORMATION_FORMAT = "dwarf-with-dsym";
				ENABLE_NS_ASSERTIONS = NO;
				ENABLE_STRICT_OBJC_MSGSEND = YES;
				GCC_C_LANGUAGE_STANDARD = gnu11;
				GCC_NO_COMMON_BLOCKS = YES;
				GCC_WARN_64_TO_32_BIT_CONVERSION = YES;
				GCC_WARN_ABOUT_RETURN_TYPE = YES_ERROR;
				GCC_WARN_UNDECLARED_SELECTOR = YES;
				GCC_WARN_UNINITIALIZED_AUTOS = YES_AGGRESSIVE;
				GCC_WARN_UNUSED_FUNCTION = YES;
				GCC_WARN_UNUSED_VARIABLE = YES;
				IPHONEOS_DEPLOYMENT_TARGET = 15.4;
				MTL_ENABLE_DEBUG_INFO = NO;
				MTL_FAST_MATH = YES;
				SDKROOT = iphoneos;
				SWIFT_COMPILATION_MODE = wholemodule;
				SWIFT_OPTIMIZATION_LEVEL = "-O";
				VALIDATE_PRODUCT = YES;
			};
			name = Release;
		};
		088B537927F1DD9B00959FAF /* Debug */ = {
			isa = XCBuildConfiguration;
			buildSettings = {
				ASSETCATALOG_COMPILER_APPICON_NAME = AppIcon;
				ASSETCATALOG_COMPILER_GLOBAL_ACCENT_COLOR_NAME = AccentColor;
				CODE_SIGN_STYLE = Automatic;
				CURRENT_PROJECT_VERSION = 1;
				DEVELOPMENT_TEAM = Q9WG8X8B9Y;
				GENERATE_INFOPLIST_FILE = YES;
				INFOPLIST_FILE = MovieQuotes/Info.plist;
				INFOPLIST_KEY_UIApplicationSupportsIndirectInputEvents = YES;
				INFOPLIST_KEY_UILaunchStoryboardName = LaunchScreen;
				INFOPLIST_KEY_UIMainStoryboardFile = Main;
				INFOPLIST_KEY_UISupportedInterfaceOrientations_iPad = "UIInterfaceOrientationPortrait UIInterfaceOrientationPortraitUpsideDown UIInterfaceOrientationLandscapeLeft UIInterfaceOrientationLandscapeRight";
				INFOPLIST_KEY_UISupportedInterfaceOrientations_iPhone = "UIInterfaceOrientationPortrait UIInterfaceOrientationLandscapeLeft UIInterfaceOrientationLandscapeRight";
				LD_RUNPATH_SEARCH_PATHS = (
					"$(inherited)",
					"@executable_path/Frameworks",
				);
				MARKETING_VERSION = 1.0;
				PRODUCT_BUNDLE_IDENTIFIER = "edu.rose-hulman.jiangq1.MovieQuotes";
				PRODUCT_NAME = "$(TARGET_NAME)";
				SWIFT_EMIT_LOC_STRINGS = YES;
				SWIFT_VERSION = 5.0;
				TARGETED_DEVICE_FAMILY = "1,2";
			};
			name = Debug;
		};
		088B537A27F1DD9B00959FAF /* Release */ = {
			isa = XCBuildConfiguration;
			buildSettings = {
				ASSETCATALOG_COMPILER_APPICON_NAME = AppIcon;
				ASSETCATALOG_COMPILER_GLOBAL_ACCENT_COLOR_NAME = AccentColor;
				CODE_SIGN_STYLE = Automatic;
				CURRENT_PROJECT_VERSION = 1;
				DEVELOPMENT_TEAM = Q9WG8X8B9Y;
				GENERATE_INFOPLIST_FILE = YES;
				INFOPLIST_FILE = MovieQuotes/Info.plist;
				INFOPLIST_KEY_UIApplicationSupportsIndirectInputEvents = YES;
				INFOPLIST_KEY_UILaunchStoryboardName = LaunchScreen;
				INFOPLIST_KEY_UIMainStoryboardFile = Main;
				INFOPLIST_KEY_UISupportedInterfaceOrientations_iPad = "UIInterfaceOrientationPortrait UIInterfaceOrientationPortraitUpsideDown UIInterfaceOrientationLandscapeLeft UIInterfaceOrientationLandscapeRight";
				INFOPLIST_KEY_UISupportedInterfaceOrientations_iPhone = "UIInterfaceOrientationPortrait UIInterfaceOrientationLandscapeLeft UIInterfaceOrientationLandscapeRight";
				LD_RUNPATH_SEARCH_PATHS = (
					"$(inherited)",
					"@executable_path/Frameworks",
				);
				MARKETING_VERSION = 1.0;
				PRODUCT_BUNDLE_IDENTIFIER = "edu.rose-hulman.jiangq1.MovieQuotes";
				PRODUCT_NAME = "$(TARGET_NAME)";
				SWIFT_EMIT_LOC_STRINGS = YES;
				SWIFT_VERSION = 5.0;
				TARGETED_DEVICE_FAMILY = "1,2";
			};
			name = Release;
		};
/* End XCBuildConfiguration section */

/* Begin XCConfigurationList section */
		088B535F27F1DD9A00959FAF /* Build configuration list for PBXProject "MovieQuotes" */ = {
			isa = XCConfigurationList;
			buildConfigurations = (
				088B537627F1DD9B00959FAF /* Debug */,
				088B537727F1DD9B00959FAF /* Release */,
			);
			defaultConfigurationIsVisible = 0;
			defaultConfigurationName = Release;
		};
		088B537827F1DD9B00959FAF /* Build configuration list for PBXNativeTarget "MovieQuotes" */ = {
			isa = XCConfigurationList;
			buildConfigurations = (
				088B537927F1DD9B00959FAF /* Debug */,
				088B537A27F1DD9B00959FAF /* Release */,
			);
			defaultConfigurationIsVisible = 0;
			defaultConfigurationName = Release;
		};
/* End XCConfigurationList section */

/* Begin XCRemoteSwiftPackageReference section */
		0870542227FF139000752245 /* XCRemoteSwiftPackageReference "firebase-ios-sdk" */ = {
			isa = XCRemoteSwiftPackageReference;
			repositoryURL = "https://github.com/firebase/firebase-ios-sdk";
			requirement = {
				branch = master;
				kind = branch;
			};
		};
		0878F0102816DCBE001241C5 /* XCRemoteSwiftPackageReference "Kingfisher" */ = {
			isa = XCRemoteSwiftPackageReference;
			repositoryURL = "https://github.com/onevcat/Kingfisher.git";
			requirement = {
				kind = upToNextMajorVersion;
				minimumVersion = 7.0.0;
			};
		};
		0878F0132818269B001241C5 /* XCRemoteSwiftPackageReference "firebase-ios-sdk" */ = {
			isa = XCRemoteSwiftPackageReference;
			repositoryURL = "https://github.com/firebase/firebase-ios-sdk";
			requirement = {
				branch = master;
				kind = branch;
			};
		};
		087CE46E280EEC7E0033C4B1 /* XCRemoteSwiftPackageReference "GoogleSignIn-iOS" */ = {
			isa = XCRemoteSwiftPackageReference;
			repositoryURL = "https://github.com/google/GoogleSignIn-iOS";
			requirement = {
				kind = upToNextMajorVersion;
				minimumVersion = 6.0.0;
			};
		};
		087FED3A28118443005F656A /* XCRemoteSwiftPackageReference "SideMenu" */ = {
			isa = XCRemoteSwiftPackageReference;
			repositoryURL = "https://github.com/jonkykong/SideMenu";
			requirement = {
				branch = master;
				kind = branch;
			};
		};
/* End XCRemoteSwiftPackageReference section */

/* Begin XCSwiftPackageProductDependency section */
		0870542327FF139000752245 /* FirebaseAnalytics */ = {
			isa = XCSwiftPackageProductDependency;
			package = 0870542227FF139000752245 /* XCRemoteSwiftPackageReference "firebase-ios-sdk" */;
			productName = FirebaseAnalytics;
		};
		0870542527FF139000752245 /* FirebaseAuth */ = {
			isa = XCSwiftPackageProductDependency;
			package = 0870542227FF139000752245 /* XCRemoteSwiftPackageReference "firebase-ios-sdk" */;
			productName = FirebaseAuth;
		};
		0870542727FF139000752245 /* FirebaseFirestore */ = {
			isa = XCSwiftPackageProductDependency;
			package = 0870542227FF139000752245 /* XCRemoteSwiftPackageReference "firebase-ios-sdk" */;
			productName = FirebaseFirestore;
		};
		0878F0112816DCBF001241C5 /* Kingfisher */ = {
			isa = XCSwiftPackageProductDependency;
			package = 0878F0102816DCBE001241C5 /* XCRemoteSwiftPackageReference "Kingfisher" */;
			productName = Kingfisher;
		};
		0878F0142818269B001241C5 /* FirebaseStorage */ = {
			isa = XCSwiftPackageProductDependency;
			package = 0870542227FF139000752245 /* XCRemoteSwiftPackageReference "firebase-ios-sdk" */;
			productName = FirebaseStorage;
		};
		087CE46F280EEC7E0033C4B1 /* GoogleSignIn */ = {
			isa = XCSwiftPackageProductDependency;
			package = 087CE46E280EEC7E0033C4B1 /* XCRemoteSwiftPackageReference "GoogleSignIn-iOS" */;
			productName = GoogleSignIn;
		};
		087FED3B28118443005F656A /* SideMenu */ = {
			isa = XCSwiftPackageProductDependency;
			package = 087FED3A28118443005F656A /* XCRemoteSwiftPackageReference "SideMenu" */;
			productName = SideMenu;
		};
/* End XCSwiftPackageProductDependency section */
	};
	rootObject = 088B535C27F1DD9A00959FAF /* Project object */;
}
